
Microsoft Visual Studio Solution File, Format Version 12.00
# Visual Studio Version 17
VisualStudioVersion = 17.10.35013.160
MinimumVisualStudioVersion = 10.0.40219.1
Project("{FAE04EC0-301F-11D3-BF4B-00C04F79EFBC}") = "startupCompany", "startupCompany\startupCompany.csproj", "{37E37EAF-144D-4908-9E57-1DA95095ADBB}"
EndProject
Global
	GlobalSection(SolutionConfigurationPlatforms) = preSolution
		Debug|Any CPU = Debug|Any CPU
		Release|Any CPU = Release|Any CPU
	EndGlobalSection
	GlobalSection(ProjectConfigurationPlatforms) = postSolution
		{37E37EAF-144D-4908-9E57-1DA95095ADBB}.Debug|Any CPU.ActiveCfg = Debug|Any CPU
		{37E37EAF-144D-4908-9E57-1DA95095ADBB}.Debug|Any CPU.Build.0 = Debug|Any CPU
		{37E37EAF-144D-4908-9E57-1DA95095ADBB}.Release|Any CPU.ActiveCfg = Release|Any CPU
		{37E37EAF-144D-4908-9E57-1DA95095ADBB}.Release|Any CPU.Build.0 = Release|Any CPU
	EndGlobalSection
	GlobalSection(SolutionProperties) = preSolution
		HideSolutionNode = FALSE
	EndGlobalSection
	GlobalSection(ExtensibilityGlobals) = postSolution
		SolutionGuid = {C992008C-C5DD-48CC-B3AF-BCF859B393E3}
	EndGlobalSection
EndGlobal
